
Microsoft Visual Studio Solution File, Format Version 12.00
# Visual Studio 14
VisualStudioVersion = 14.0.25420.1
MinimumVisualStudioVersion = 10.0.40219.1
Project("{2150E333-8FDC-42A3-9474-1A3956D46DE8}") = "src", "src", "{4B40C090-24D5-4868-94DC-F1BA604C9EDE}"
EndProject
Project("{2150E333-8FDC-42A3-9474-1A3956D46DE8}") = "Solution Items", "Solution Items", "{310BED7A-56AA-4C3C-8A1E-D14AD5C76329}"
	ProjectSection(SolutionItems) = preProject
		global.json = global.json
	EndProjectSection
EndProject
Project("{8BB2217D-0F2D-49D1-97BC-3654ED321F3B}") = "Colina.Api", "src\Colina.Api\Colina.Api.xproj", "{630EEDC2-8A9A-475C-A8C9-C8DE6C0659F7}"
EndProject
Project("{2150E333-8FDC-42A3-9474-1A3956D46DE8}") = "Presentation Layer", "Presentation Layer", "{7E419727-7591-45BD-8587-FF95BE89CBEC}"
EndProject
Project("{8BB2217D-0F2D-49D1-97BC-3654ED321F3B}") = "Colina.Frontend", "src\Colina.Frontend\Colina.Frontend.xproj", "{F65FC2F7-B5AF-4113-9BA6-4AB3388F5897}"
EndProject
Project("{8BB2217D-0F2D-49D1-97BC-3654ED321F3B}") = "Colina.Infrastructure", "src\Colina.Infrastructure\Colina.Infrastructure.xproj", "{596C2CB6-0FC1-4793-8F81-F00DE6C72DFE}"
EndProject
Project("{2150E333-8FDC-42A3-9474-1A3956D46DE8}") = "Infrastructure Layer", "Infrastructure Layer", "{3897D834-AFFF-491F-A359-7BCAAD82452B}"
EndProject
Project("{2150E333-8FDC-42A3-9474-1A3956D46DE8}") = "Components Layer", "Components Layer", "{125BBEEB-27C0-444D-847F-43CF5F13DD72}"
EndProject
Project("{8BB2217D-0F2D-49D1-97BC-3654ED321F3B}") = "Colina.Design", "src\Colina.Design\Colina.Design.xproj", "{DB92FE3B-0938-4CC7-BC32-6562BBD50CF5}"
EndProject
Project("{2150E333-8FDC-42A3-9474-1A3956D46DE8}") = "test", "test", "{466BC0C2-E1BA-465C-8CA9-B477B3FA775D}"
EndProject
Project("{8BB2217D-0F2D-49D1-97BC-3654ED321F3B}") = "Colina.Test", "test\Colina.Test\Colina.Test.xproj", "{5E4178E9-91BE-4E09-A15F-46E183F2846F}"
EndProject
Project("{8BB2217D-0F2D-49D1-97BC-3654ED321F3B}") = "Colina.Bootstrap", "src\Colina.Bootstrap\Colina.Bootstrap.xproj", "{0DAF3FD1-9D6A-40F5-B616-4E011D1AB489}"
EndProject
Project("{8BB2217D-0F2D-49D1-97BC-3654ED321F3B}") = "Colina.Language.CoreNLP", "src\Colina.Language.CoreNLP\Colina.Language.CoreNLP.xproj", "{74CF11E1-F977-4A6E-A187-6A516D2AF2EB}"
EndProject
Project("{8BB2217D-0F2D-49D1-97BC-3654ED321F3B}") = "Colina.Application", "src\Colina.Application\Colina.Application.xproj", "{1411C8A2-A94C-4B3A-941E-2C6C611DAD29}"
EndProject
Project("{8BB2217D-0F2D-49D1-97BC-3654ED321F3B}") = "Colina.Language.Abstraction", "src\Colina.Language.Abstraction\Colina.Language.Abstraction.xproj", "{DA6A8538-EBBB-4A9F-B695-3B73A859CCC5}"
EndProject
Project("{8BB2217D-0F2D-49D1-97BC-3654ED321F3B}") = "Colina.Design.Abstraction", "src\Colina.Design.Abstraction\Colina.Design.Abstraction.xproj", "{278E96EA-8FB0-46D0-BCE0-1618937D4AA2}"
EndProject
Project("{2150E333-8FDC-42A3-9474-1A3956D46DE8}") = "Abstractions Layer", "Abstractions Layer", "{02077890-55F4-475E-84A4-5E344E167BD4}"
EndProject
Project("{8BB2217D-0F2D-49D1-97BC-3654ED321F3B}") = "Colina.Models.Abstraction", "src\Colina.Models.Abstraction\Colina.Models.Abstraction.xproj", "{9E188B4E-7AA2-4D19-A085-2B1EA57053DC}"
EndProject
Project("{8BB2217D-0F2D-49D1-97BC-3654ED321F3B}") = "Colina.Language", "src\Colina.Language\Colina.Language.xproj", "{817351A1-0F4F-4137-A312-E40C418F0623}"
EndProject
Project("{8BB2217D-0F2D-49D1-97BC-3654ED321F3B}") = "Colina.Language.NLPNet", "src\Colina.Language.NLPNet\Colina.Language.NLPNet.xproj", "{95FF3E24-2CA5-496C-B5EC-34234C8680B3}"
EndProject
Project("{8BB2217D-0F2D-49D1-97BC-3654ED321F3B}") = "Colina.Data", "src\Colina.Data\Colina.Data.xproj", "{803C1632-24A1-420D-A875-6086F39CE21E}"
EndProject
Global
	GlobalSection(SolutionConfigurationPlatforms) = preSolution
		Debug|Any CPU = Debug|Any CPU
		Release|Any CPU = Release|Any CPU
	EndGlobalSection
	GlobalSection(ProjectConfigurationPlatforms) = postSolution
		{630EEDC2-8A9A-475C-A8C9-C8DE6C0659F7}.Debug|Any CPU.ActiveCfg = Debug|Any CPU
		{630EEDC2-8A9A-475C-A8C9-C8DE6C0659F7}.Debug|Any CPU.Build.0 = Debug|Any CPU
		{630EEDC2-8A9A-475C-A8C9-C8DE6C0659F7}.Release|Any CPU.ActiveCfg = Release|Any CPU
		{630EEDC2-8A9A-475C-A8C9-C8DE6C0659F7}.Release|Any CPU.Build.0 = Release|Any CPU
		{F65FC2F7-B5AF-4113-9BA6-4AB3388F5897}.Debug|Any CPU.ActiveCfg = Debug|Any CPU
		{F65FC2F7-B5AF-4113-9BA6-4AB3388F5897}.Debug|Any CPU.Build.0 = Debug|Any CPU
		{F65FC2F7-B5AF-4113-9BA6-4AB3388F5897}.Release|Any CPU.ActiveCfg = Release|Any CPU
		{F65FC2F7-B5AF-4113-9BA6-4AB3388F5897}.Release|Any CPU.Build.0 = Release|Any CPU
		{596C2CB6-0FC1-4793-8F81-F00DE6C72DFE}.Debug|Any CPU.ActiveCfg = Debug|Any CPU
		{596C2CB6-0FC1-4793-8F81-F00DE6C72DFE}.Debug|Any CPU.Build.0 = Debug|Any CPU
		{596C2CB6-0FC1-4793-8F81-F00DE6C72DFE}.Release|Any CPU.ActiveCfg = Release|Any CPU
		{596C2CB6-0FC1-4793-8F81-F00DE6C72DFE}.Release|Any CPU.Build.0 = Release|Any CPU
		{DB92FE3B-0938-4CC7-BC32-6562BBD50CF5}.Debug|Any CPU.ActiveCfg = Debug|Any CPU
		{DB92FE3B-0938-4CC7-BC32-6562BBD50CF5}.Debug|Any CPU.Build.0 = Debug|Any CPU
		{DB92FE3B-0938-4CC7-BC32-6562BBD50CF5}.Release|Any CPU.ActiveCfg = Release|Any CPU
		{DB92FE3B-0938-4CC7-BC32-6562BBD50CF5}.Release|Any CPU.Build.0 = Release|Any CPU
		{5E4178E9-91BE-4E09-A15F-46E183F2846F}.Debug|Any CPU.ActiveCfg = Debug|Any CPU
		{5E4178E9-91BE-4E09-A15F-46E183F2846F}.Debug|Any CPU.Build.0 = Debug|Any CPU
		{5E4178E9-91BE-4E09-A15F-46E183F2846F}.Release|Any CPU.ActiveCfg = Release|Any CPU
		{5E4178E9-91BE-4E09-A15F-46E183F2846F}.Release|Any CPU.Build.0 = Release|Any CPU
		{0DAF3FD1-9D6A-40F5-B616-4E011D1AB489}.Debug|Any CPU.ActiveCfg = Debug|Any CPU
		{0DAF3FD1-9D6A-40F5-B616-4E011D1AB489}.Debug|Any CPU.Build.0 = Debug|Any CPU
		{0DAF3FD1-9D6A-40F5-B616-4E011D1AB489}.Release|Any CPU.ActiveCfg = Release|Any CPU
		{0DAF3FD1-9D6A-40F5-B616-4E011D1AB489}.Release|Any CPU.Build.0 = Release|Any CPU
		{74CF11E1-F977-4A6E-A187-6A516D2AF2EB}.Debug|Any CPU.ActiveCfg = Debug|Any CPU
		{74CF11E1-F977-4A6E-A187-6A516D2AF2EB}.Debug|Any CPU.Build.0 = Debug|Any CPU
		{74CF11E1-F977-4A6E-A187-6A516D2AF2EB}.Release|Any CPU.ActiveCfg = Release|Any CPU
		{74CF11E1-F977-4A6E-A187-6A516D2AF2EB}.Release|Any CPU.Build.0 = Release|Any CPU
		{1411C8A2-A94C-4B3A-941E-2C6C611DAD29}.Debug|Any CPU.ActiveCfg = Debug|Any CPU
		{1411C8A2-A94C-4B3A-941E-2C6C611DAD29}.Debug|Any CPU.Build.0 = Debug|Any CPU
		{1411C8A2-A94C-4B3A-941E-2C6C611DAD29}.Release|Any CPU.ActiveCfg = Release|Any CPU
		{1411C8A2-A94C-4B3A-941E-2C6C611DAD29}.Release|Any CPU.Build.0 = Release|Any CPU
		{DA6A8538-EBBB-4A9F-B695-3B73A859CCC5}.Debug|Any CPU.ActiveCfg = Debug|Any CPU
		{DA6A8538-EBBB-4A9F-B695-3B73A859CCC5}.Debug|Any CPU.Build.0 = Debug|Any CPU
		{DA6A8538-EBBB-4A9F-B695-3B73A859CCC5}.Release|Any CPU.ActiveCfg = Release|Any CPU
		{DA6A8538-EBBB-4A9F-B695-3B73A859CCC5}.Release|Any CPU.Build.0 = Release|Any CPU
		{278E96EA-8FB0-46D0-BCE0-1618937D4AA2}.Debug|Any CPU.ActiveCfg = Debug|Any CPU
		{278E96EA-8FB0-46D0-BCE0-1618937D4AA2}.Debug|Any CPU.Build.0 = Debug|Any CPU
		{278E96EA-8FB0-46D0-BCE0-1618937D4AA2}.Release|Any CPU.ActiveCfg = Release|Any CPU
		{278E96EA-8FB0-46D0-BCE0-1618937D4AA2}.Release|Any CPU.Build.0 = Release|Any CPU
		{9E188B4E-7AA2-4D19-A085-2B1EA57053DC}.Debug|Any CPU.ActiveCfg = Debug|Any CPU
		{9E188B4E-7AA2-4D19-A085-2B1EA57053DC}.Debug|Any CPU.Build.0 = Debug|Any CPU
		{9E188B4E-7AA2-4D19-A085-2B1EA57053DC}.Release|Any CPU.ActiveCfg = Release|Any CPU
		{9E188B4E-7AA2-4D19-A085-2B1EA57053DC}.Release|Any CPU.Build.0 = Release|Any CPU
		{817351A1-0F4F-4137-A312-E40C418F0623}.Debug|Any CPU.ActiveCfg = Debug|Any CPU
		{817351A1-0F4F-4137-A312-E40C418F0623}.Debug|Any CPU.Build.0 = Debug|Any CPU
		{817351A1-0F4F-4137-A312-E40C418F0623}.Release|Any CPU.ActiveCfg = Release|Any CPU
		{817351A1-0F4F-4137-A312-E40C418F0623}.Release|Any CPU.Build.0 = Release|Any CPU
		{95FF3E24-2CA5-496C-B5EC-34234C8680B3}.Debug|Any CPU.ActiveCfg = Debug|Any CPU
		{95FF3E24-2CA5-496C-B5EC-34234C8680B3}.Debug|Any CPU.Build.0 = Debug|Any CPU
		{95FF3E24-2CA5-496C-B5EC-34234C8680B3}.Release|Any CPU.ActiveCfg = Release|Any CPU
		{95FF3E24-2CA5-496C-B5EC-34234C8680B3}.Release|Any CPU.Build.0 = Release|Any CPU
		{803C1632-24A1-420D-A875-6086F39CE21E}.Debug|Any CPU.ActiveCfg = Debug|Any CPU
		{803C1632-24A1-420D-A875-6086F39CE21E}.Debug|Any CPU.Build.0 = Debug|Any CPU
		{803C1632-24A1-420D-A875-6086F39CE21E}.Release|Any CPU.ActiveCfg = Release|Any CPU
		{803C1632-24A1-420D-A875-6086F39CE21E}.Release|Any CPU.Build.0 = Release|Any CPU
	EndGlobalSection
	GlobalSection(SolutionProperties) = preSolution
		HideSolutionNode = FALSE
	EndGlobalSection
	GlobalSection(NestedProjects) = preSolution
		{630EEDC2-8A9A-475C-A8C9-C8DE6C0659F7} = {7E419727-7591-45BD-8587-FF95BE89CBEC}
		{7E419727-7591-45BD-8587-FF95BE89CBEC} = {4B40C090-24D5-4868-94DC-F1BA604C9EDE}
		{F65FC2F7-B5AF-4113-9BA6-4AB3388F5897} = {7E419727-7591-45BD-8587-FF95BE89CBEC}
		{596C2CB6-0FC1-4793-8F81-F00DE6C72DFE} = {3897D834-AFFF-491F-A359-7BCAAD82452B}
		{3897D834-AFFF-491F-A359-7BCAAD82452B} = {4B40C090-24D5-4868-94DC-F1BA604C9EDE}
		{125BBEEB-27C0-444D-847F-43CF5F13DD72} = {4B40C090-24D5-4868-94DC-F1BA604C9EDE}
		{DB92FE3B-0938-4CC7-BC32-6562BBD50CF5} = {125BBEEB-27C0-444D-847F-43CF5F13DD72}
		{5E4178E9-91BE-4E09-A15F-46E183F2846F} = {466BC0C2-E1BA-465C-8CA9-B477B3FA775D}
		{0DAF3FD1-9D6A-40F5-B616-4E011D1AB489} = {3897D834-AFFF-491F-A359-7BCAAD82452B}
		{74CF11E1-F977-4A6E-A187-6A516D2AF2EB} = {125BBEEB-27C0-444D-847F-43CF5F13DD72}
		{1411C8A2-A94C-4B3A-941E-2C6C611DAD29} = {125BBEEB-27C0-444D-847F-43CF5F13DD72}
		{DA6A8538-EBBB-4A9F-B695-3B73A859CCC5} = {02077890-55F4-475E-84A4-5E344E167BD4}
		{278E96EA-8FB0-46D0-BCE0-1618937D4AA2} = {02077890-55F4-475E-84A4-5E344E167BD4}
		{02077890-55F4-475E-84A4-5E344E167BD4} = {4B40C090-24D5-4868-94DC-F1BA604C9EDE}
		{9E188B4E-7AA2-4D19-A085-2B1EA57053DC} = {02077890-55F4-475E-84A4-5E344E167BD4}
		{817351A1-0F4F-4137-A312-E40C418F0623} = {125BBEEB-27C0-444D-847F-43CF5F13DD72}
		{95FF3E24-2CA5-496C-B5EC-34234C8680B3} = {125BBEEB-27C0-444D-847F-43CF5F13DD72}
		{803C1632-24A1-420D-A875-6086F39CE21E} = {125BBEEB-27C0-444D-847F-43CF5F13DD72}
	EndGlobalSection
EndGlobal
